
Microsoft Visual Studio Solution File, Format Version 12.00
# Visual Studio 15
VisualStudioVersion = 15.0.27703.2018
MinimumVisualStudioVersion = 10.0.40219.1
Project("{FAE04EC0-301F-11D3-BF4B-00C04F79EFBC}") = "rocks.pillars.WorkflowActions", "rocks.pillars.WorkflowActions\rocks.pillars.WorkflowActions.csproj", "{14285225-8C60-4B19-A58E-336BDDB22B64}"
EndProject
Global
	GlobalSection(SolutionConfigurationPlatforms) = preSolution
		Debug|Any CPU = Debug|Any CPU
		Release|Any CPU = Release|Any CPU
	EndGlobalSection
	GlobalSection(ProjectConfigurationPlatforms) = postSolution
		{14285225-8C60-4B19-A58E-336BDDB22B64}.Debug|Any CPU.ActiveCfg = Debug|Any CPU
		{14285225-8C60-4B19-A58E-336BDDB22B64}.Debug|Any CPU.Build.0 = Debug|Any CPU
		{14285225-8C60-4B19-A58E-336BDDB22B64}.Release|Any CPU.ActiveCfg = Release|Any CPU
		{14285225-8C60-4B19-A58E-336BDDB22B64}.Release|Any CPU.Build.0 = Release|Any CPU
	EndGlobalSection
	GlobalSection(SolutionProperties) = preSolution
		HideSolutionNode = FALSE
	EndGlobalSection
	GlobalSection(ExtensibilityGlobals) = postSolution
		SolutionGuid = {8F50EA79-E475-4286-914A-4F97A2F256EB}
	EndGlobalSection
EndGlobal
